
Microsoft Visual Studio Solution File, Format Version 12.00
# Visual Studio Version 17
VisualStudioVersion = 17.0.31903.59
MinimumVisualStudioVersion = 10.0.40219.1
Project("{FAE04EC0-301F-11D3-BF4B-00C04F79EFBC}") = "PrimeService", "PrimeService\PrimeService.csproj", "{FB6390DB-E112-4942-A334-4BD9CA41CEA0}"
EndProject
Project("{FAE04EC0-301F-11D3-BF4B-00C04F79EFBC}") = "PrimeService.NUnit.Tests", "PrimeService.NUnit.Tests\PrimeService.NUnit.Tests.csproj", "{66CDECA2-64E4-429D-AC5E-0BE091B962CB}"
EndProject
Global
	GlobalSection(SolutionConfigurationPlatforms) = preSolution
		Debug|Any CPU = Debug|Any CPU
		Release|Any CPU = Release|Any CPU
	EndGlobalSection
	GlobalSection(SolutionProperties) = preSolution
		HideSolutionNode = FALSE
	EndGlobalSection
	GlobalSection(ProjectConfigurationPlatforms) = postSolution
		{FB6390DB-E112-4942-A334-4BD9CA41CEA0}.Debug|Any CPU.ActiveCfg = Debug|Any CPU
		{FB6390DB-E112-4942-A334-4BD9CA41CEA0}.Debug|Any CPU.Build.0 = Debug|Any CPU
		{FB6390DB-E112-4942-A334-4BD9CA41CEA0}.Release|Any CPU.ActiveCfg = Release|Any CPU
		{FB6390DB-E112-4942-A334-4BD9CA41CEA0}.Release|Any CPU.Build.0 = Release|Any CPU
		{66CDECA2-64E4-429D-AC5E-0BE091B962CB}.Debug|Any CPU.ActiveCfg = Debug|Any CPU
		{66CDECA2-64E4-429D-AC5E-0BE091B962CB}.Debug|Any CPU.Build.0 = Debug|Any CPU
		{66CDECA2-64E4-429D-AC5E-0BE091B962CB}.Release|Any CPU.ActiveCfg = Release|Any CPU
		{66CDECA2-64E4-429D-AC5E-0BE091B962CB}.Release|Any CPU.Build.0 = Release|Any CPU
	EndGlobalSection
EndGlobal
